
Microsoft Visual Studio Solution File, Format Version 12.00
# Visual Studio Version 17
VisualStudioVersion = 17.4.33122.133
MinimumVisualStudioVersion = 10.0.40219.1
Project("{FAE04EC0-301F-11D3-BF4B-00C04F79EFBC}") = "JalaSoft.DevLevel1.Backend.Practice1", "JalaSoft.DevLevel1.Backend.Practice1\JalaSoft.DevLevel1.Backend.Practice1.csproj", "{E466A533-D898-4D8F-978E-4DA0A93C96C3}"
EndProject
Global
	GlobalSection(SolutionConfigurationPlatforms) = preSolution
		Debug|Any CPU = Debug|Any CPU
		Release|Any CPU = Release|Any CPU
	EndGlobalSection
	GlobalSection(ProjectConfigurationPlatforms) = postSolution
		{E466A533-D898-4D8F-978E-4DA0A93C96C3}.Debug|Any CPU.ActiveCfg = Debug|Any CPU
		{E466A533-D898-4D8F-978E-4DA0A93C96C3}.Debug|Any CPU.Build.0 = Debug|Any CPU
		{E466A533-D898-4D8F-978E-4DA0A93C96C3}.Release|Any CPU.ActiveCfg = Release|Any CPU
		{E466A533-D898-4D8F-978E-4DA0A93C96C3}.Release|Any CPU.Build.0 = Release|Any CPU
	EndGlobalSection
	GlobalSection(SolutionProperties) = preSolution
		HideSolutionNode = FALSE
	EndGlobalSection
	GlobalSection(ExtensibilityGlobals) = postSolution
		SolutionGuid = {CE4CCB96-FA20-45A2-A5DA-6702E7BF2493}
	EndGlobalSection
EndGlobal
